// !$*UTF8*$!
{
	archiveVersion = 1;
	classes = {
	};
	objectVersion = 56;
	objects = {

/* Begin PBXBuildFile section */
		8402A29B2B8F039A00A836CD /* SoundscapeApp.swift in Sources */ = {isa = PBXBuildFile; fileRef = 8402A29A2B8F039A00A836CD /* SoundscapeApp.swift */; };
		8402A29D2B8F039A00A836CD /* SoundscapeTabView.swift in Sources */ = {isa = PBXBuildFile; fileRef = 8402A29C2B8F039A00A836CD /* SoundscapeTabView.swift */; };
		8402A29F2B8F039D00A836CD /* Assets.xcassets in Resources */ = {isa = PBXBuildFile; fileRef = 8402A29E2B8F039D00A836CD /* Assets.xcassets */; };
		8402A2A22B8F039D00A836CD /* Preview Assets.xcassets in Resources */ = {isa = PBXBuildFile; fileRef = 8402A2A12B8F039D00A836CD /* Preview Assets.xcassets */; };
		8402A2AF2B8F242200A836CD /* HomeView.swift in Sources */ = {isa = PBXBuildFile; fileRef = 8402A2AE2B8F242200A836CD /* HomeView.swift */; };
		8402A2B12B8F244700A836CD /* StoryView.swift in Sources */ = {isa = PBXBuildFile; fileRef = 8402A2B02B8F244700A836CD /* StoryView.swift */; };
		8402A2B32B8F245000A836CD /* LikeView.swift in Sources */ = {isa = PBXBuildFile; fileRef = 8402A2B22B8F245000A836CD /* LikeView.swift */; };
		8402A2B52B8F246000A836CD /* SettingView.swift in Sources */ = {isa = PBXBuildFile; fileRef = 8402A2B42B8F246000A836CD /* SettingView.swift */; };
		8420208F2B9ECD4A0034B065 /* StaggeredGrid.swift in Sources */ = {isa = PBXBuildFile; fileRef = 8420208E2B9ECD4A0034B065 /* StaggeredGrid.swift */; };
		842020912B9ED2900034B065 /* MusicPlayerView.swift in Sources */ = {isa = PBXBuildFile; fileRef = 842020902B9ED2900034B065 /* MusicPlayerView.swift */; };
		842020932B9EDD4C0034B065 /* BlurView.swift in Sources */ = {isa = PBXBuildFile; fileRef = 842020922B9EDD4C0034B065 /* BlurView.swift */; };
		842020952B9EE1810034B065 /* RoundedCorner.swift in Sources */ = {isa = PBXBuildFile; fileRef = 842020942B9EE1810034B065 /* RoundedCorner.swift */; };
		842020982B9EE7750034B065 /* Color.swift in Sources */ = {isa = PBXBuildFile; fileRef = 842020972B9EE7750034B065 /* Color.swift */; };
		8420209A2B9EF3BD0034B065 /* MarqueeText.swift in Sources */ = {isa = PBXBuildFile; fileRef = 842020992B9EF3BD0034B065 /* MarqueeText.swift */; };
		8455A0A92BA16B54006E8BA1 /* AppViewModel.swift in Sources */ = {isa = PBXBuildFile; fileRef = 8455A0A82BA16B54006E8BA1 /* AppViewModel.swift */; };
		8455A0B02BA1805F006E8BA1 /* SoundscapeAPIService.swift in Sources */ = {isa = PBXBuildFile; fileRef = 8455A0AF2BA1805F006E8BA1 /* SoundscapeAPIService.swift */; };
		8455A0B52BA1868D006E8BA1 /* AudioFetch.swift in Sources */ = {isa = PBXBuildFile; fileRef = 8455A0B42BA1868D006E8BA1 /* AudioFetch.swift */; };
		8455A0B82BA18976006E8BA1 /* SCError.swift in Sources */ = {isa = PBXBuildFile; fileRef = 8455A0B72BA18976006E8BA1 /* SCError.swift */; };
		8455A0BD2BA18B21006E8BA1 /* MusicListViewModel.swift in Sources */ = {isa = PBXBuildFile; fileRef = 8455A0BC2BA18B21006E8BA1 /* MusicListViewModel.swift */; };
		8455A0C12BA19AA0006E8BA1 /* SongRepository.swift in Sources */ = {isa = PBXBuildFile; fileRef = 8455A0C02BA19AA0006E8BA1 /* SongRepository.swift */; };
		8455A0C32BA19E34006E8BA1 /* GetSongFetchUseCase.swift in Sources */ = {isa = PBXBuildFile; fileRef = 8455A0C22BA19E34006E8BA1 /* GetSongFetchUseCase.swift */; };
		8455A0C52BA19F96006E8BA1 /* Resource.swift in Sources */ = {isa = PBXBuildFile; fileRef = 8455A0C42BA19F96006E8BA1 /* Resource.swift */; };
		8455A0C72BA1A048006E8BA1 /* SongRepositoryImpl.swift in Sources */ = {isa = PBXBuildFile; fileRef = 8455A0C62BA1A048006E8BA1 /* SongRepositoryImpl.swift */; };
		8455A0CC2BA1A0E3006E8BA1 /* SongRemoteDataSource.swift in Sources */ = {isa = PBXBuildFile; fileRef = 8455A0CB2BA1A0E3006E8BA1 /* SongRemoteDataSource.swift */; };
		8455A0CF2BA1A104006E8BA1 /* SongRemoteDataSourceImpl.swift in Sources */ = {isa = PBXBuildFile; fileRef = 8455A0CE2BA1A104006E8BA1 /* SongRemoteDataSourceImpl.swift */; };
		8463B0172B8F3F2500EB81DF /* WixMadeforText-Bold.ttf in Resources */ = {isa = PBXBuildFile; fileRef = 8463B0142B8F3F2500EB81DF /* WixMadeforText-Bold.ttf */; };
		8463B0182B8F3F2500EB81DF /* WixMadeforText-SemiBold.ttf in Resources */ = {isa = PBXBuildFile; fileRef = 8463B0152B8F3F2500EB81DF /* WixMadeforText-SemiBold.ttf */; };
		8463B0192B8F3F2500EB81DF /* WixMadeforText-Regular.ttf in Resources */ = {isa = PBXBuildFile; fileRef = 8463B0162B8F3F2500EB81DF /* WixMadeforText-Regular.ttf */; };
		8465502B2B95A904008E6176 /* OnboardingListView.swift in Sources */ = {isa = PBXBuildFile; fileRef = 8465502A2B95A904008E6176 /* OnboardingListView.swift */; };
		8465502D2B95A952008E6176 /* OnboardingArrowButtonView.swift in Sources */ = {isa = PBXBuildFile; fileRef = 8465502C2B95A952008E6176 /* OnboardingArrowButtonView.swift */; };
		8465502F2B95A987008E6176 /* OnboardingNextButtonView.swift in Sources */ = {isa = PBXBuildFile; fileRef = 8465502E2B95A987008E6176 /* OnboardingNextButtonView.swift */; };
		846550322B95B7B2008E6176 /* LoginSelectionView.swift in Sources */ = {isa = PBXBuildFile; fileRef = 846550312B95B7B2008E6176 /* LoginSelectionView.swift */; };
		846550382B95C27A008E6176 /* LoginView.swift in Sources */ = {isa = PBXBuildFile; fileRef = 846550372B95C27A008E6176 /* LoginView.swift */; };
		8465503A2B95C284008E6176 /* SignupView.swift in Sources */ = {isa = PBXBuildFile; fileRef = 846550392B95C284008E6176 /* SignupView.swift */; };
		8465503C2B95DB44008E6176 /* ForgoutPasswordView.swift in Sources */ = {isa = PBXBuildFile; fileRef = 8465503B2B95DB44008E6176 /* ForgoutPasswordView.swift */; };
		8465503E2B95EE64008E6176 /* NicknameView.swift in Sources */ = {isa = PBXBuildFile; fileRef = 8465503D2B95EE64008E6176 /* NicknameView.swift */; };
		847F1B1F2B8F43B000EEE645 /* MoodSelectView.swift in Sources */ = {isa = PBXBuildFile; fileRef = 847F1B1E2B8F43B000EEE645 /* MoodSelectView.swift */; };
		847F1B222B8F459500EEE645 /* Mood.swift in Sources */ = {isa = PBXBuildFile; fileRef = 847F1B212B8F459500EEE645 /* Mood.swift */; };
		849DBDAA2B9AF3EB00A39807 /* PlaylistListView.swift in Sources */ = {isa = PBXBuildFile; fileRef = 849DBDA92B9AF3EB00A39807 /* PlaylistListView.swift */; };
		849DBDAC2B9AF68000A39807 /* PlaylistCardView.swift in Sources */ = {isa = PBXBuildFile; fileRef = 849DBDAB2B9AF68000A39807 /* PlaylistCardView.swift */; };
		849DBDAE2B9B04DC00A39807 /* StoryListView.swift in Sources */ = {isa = PBXBuildFile; fileRef = 849DBDAD2B9B04DC00A39807 /* StoryListView.swift */; };
		84A4B3532B99D8BC00A3AC68 /* Episode.swift in Sources */ = {isa = PBXBuildFile; fileRef = 84A4B3522B99D8BC00A3AC68 /* Episode.swift */; };
		B252D5B32B91BC9500F55DD8 /* StoryCardView.swift in Sources */ = {isa = PBXBuildFile; fileRef = B252D5B22B91BC9500F55DD8 /* StoryCardView.swift */; };
		B252D5B62B92023C00F55DD8 /* MusicListView.swift in Sources */ = {isa = PBXBuildFile; fileRef = B252D5B52B92023C00F55DD8 /* MusicListView.swift */; };
		B2729D132B92FDA300FD2B84 /* ButtonModifier.swift in Sources */ = {isa = PBXBuildFile; fileRef = B2729D122B92FDA300FD2B84 /* ButtonModifier.swift */; };
		B28FE1622B906555009FB75D /* SearchBarView.swift in Sources */ = {isa = PBXBuildFile; fileRef = B28FE1612B906555009FB75D /* SearchBarView.swift */; };
		B28FE1642B906719009FB75D /* Playlist.swift in Sources */ = {isa = PBXBuildFile; fileRef = B28FE1632B906719009FB75D /* Playlist.swift */; };
		B28FE1662B906DE5009FB75D /* homePlaylistCardView.swift in Sources */ = {isa = PBXBuildFile; fileRef = B28FE1652B906DE5009FB75D /* homePlaylistCardView.swift */; };
		B28FE1682B907A5C009FB75D /* StorySoundCardView.swift in Sources */ = {isa = PBXBuildFile; fileRef = B28FE1672B907A5C009FB75D /* StorySoundCardView.swift */; };
		B28FE16A2B907AE6009FB75D /* StorySound.swift in Sources */ = {isa = PBXBuildFile; fileRef = B28FE1692B907AE6009FB75D /* StorySound.swift */; };
		B2D371C52B9700F20072048E /* MiniStoryCardView.swift in Sources */ = {isa = PBXBuildFile; fileRef = B2D371C42B9700F20072048E /* MiniStoryCardView.swift */; };
		B2D371C72B9703580072048E /* MainStorySound.swift in Sources */ = {isa = PBXBuildFile; fileRef = B2D371C62B9703580072048E /* MainStorySound.swift */; };
		B2D371CA2B9705370072048E /* StoryCardEpView.swift in Sources */ = {isa = PBXBuildFile; fileRef = B2D371C92B9705370072048E /* StoryCardEpView.swift */; };
		B2D371CC2B970EA20072048E /* StoryDetailView.swift in Sources */ = {isa = PBXBuildFile; fileRef = B2D371CB2B970EA20072048E /* StoryDetailView.swift */; };
		B2D371CE2B97263C0072048E /* EpisodeListView.swift in Sources */ = {isa = PBXBuildFile; fileRef = B2D371CD2B97263C0072048E /* EpisodeListView.swift */; };
		B2E269022B93046B0034147F /* FontExtension.swift in Sources */ = {isa = PBXBuildFile; fileRef = B2E269012B93046B0034147F /* FontExtension.swift */; };
		B2E38B212B930CC3000AAB15 /* MusicListItemView.swift in Sources */ = {isa = PBXBuildFile; fileRef = B2E38B202B930CC3000AAB15 /* MusicListItemView.swift */; };
		B2E38B232B930D0B000AAB15 /* Music.swift in Sources */ = {isa = PBXBuildFile; fileRef = B2E38B222B930D0B000AAB15 /* Music.swift */; };
		B2E38B252B9310EB000AAB15 /* BackgroundGradientView.swift in Sources */ = {isa = PBXBuildFile; fileRef = B2E38B242B9310EB000AAB15 /* BackgroundGradientView.swift */; };
		B2E38B272B936E65000AAB15 /* SplashView.swift in Sources */ = {isa = PBXBuildFile; fileRef = B2E38B262B936E65000AAB15 /* SplashView.swift */; };
		B2E38B2A2B937489000AAB15 /* OnboardingView.swift in Sources */ = {isa = PBXBuildFile; fileRef = B2E38B292B937489000AAB15 /* OnboardingView.swift */; };
		B2E38B2C2B937567000AAB15 /* Onboarding.swift in Sources */ = {isa = PBXBuildFile; fileRef = B2E38B2B2B937567000AAB15 /* Onboarding.swift */; };
/* End PBXBuildFile section */

/* Begin PBXFileReference section */
		8402A2972B8F039A00A836CD /* Soundscape.app */ = {isa = PBXFileReference; explicitFileType = wrapper.application; includeInIndex = 0; path = Soundscape.app; sourceTree = BUILT_PRODUCTS_DIR; };
		8402A29A2B8F039A00A836CD /* SoundscapeApp.swift */ = {isa = PBXFileReference; lastKnownFileType = sourcecode.swift; path = SoundscapeApp.swift; sourceTree = "<group>"; };
		8402A29C2B8F039A00A836CD /* SoundscapeTabView.swift */ = {isa = PBXFileReference; lastKnownFileType = sourcecode.swift; path = SoundscapeTabView.swift; sourceTree = "<group>"; };
		8402A29E2B8F039D00A836CD /* Assets.xcassets */ = {isa = PBXFileReference; lastKnownFileType = folder.assetcatalog; path = Assets.xcassets; sourceTree = "<group>"; };
		8402A2A12B8F039D00A836CD /* Preview Assets.xcassets */ = {isa = PBXFileReference; lastKnownFileType = folder.assetcatalog; path = "Preview Assets.xcassets"; sourceTree = "<group>"; };
		8402A2AE2B8F242200A836CD /* HomeView.swift */ = {isa = PBXFileReference; lastKnownFileType = sourcecode.swift; path = HomeView.swift; sourceTree = "<group>"; };
		8402A2B02B8F244700A836CD /* StoryView.swift */ = {isa = PBXFileReference; lastKnownFileType = sourcecode.swift; path = StoryView.swift; sourceTree = "<group>"; };
		8402A2B22B8F245000A836CD /* LikeView.swift */ = {isa = PBXFileReference; lastKnownFileType = sourcecode.swift; path = LikeView.swift; sourceTree = "<group>"; };
		8402A2B42B8F246000A836CD /* SettingView.swift */ = {isa = PBXFileReference; lastKnownFileType = sourcecode.swift; path = SettingView.swift; sourceTree = "<group>"; };
		8420208E2B9ECD4A0034B065 /* StaggeredGrid.swift */ = {isa = PBXFileReference; lastKnownFileType = sourcecode.swift; path = StaggeredGrid.swift; sourceTree = "<group>"; };
		842020902B9ED2900034B065 /* MusicPlayerView.swift */ = {isa = PBXFileReference; lastKnownFileType = sourcecode.swift; path = MusicPlayerView.swift; sourceTree = "<group>"; };
		842020922B9EDD4C0034B065 /* BlurView.swift */ = {isa = PBXFileReference; lastKnownFileType = sourcecode.swift; path = BlurView.swift; sourceTree = "<group>"; };
		842020942B9EE1810034B065 /* RoundedCorner.swift */ = {isa = PBXFileReference; lastKnownFileType = sourcecode.swift; path = RoundedCorner.swift; sourceTree = "<group>"; };
		842020972B9EE7750034B065 /* Color.swift */ = {isa = PBXFileReference; lastKnownFileType = sourcecode.swift; path = Color.swift; sourceTree = "<group>"; };
		842020992B9EF3BD0034B065 /* MarqueeText.swift */ = {isa = PBXFileReference; lastKnownFileType = sourcecode.swift; path = MarqueeText.swift; sourceTree = "<group>"; };
		8455A0A82BA16B54006E8BA1 /* AppViewModel.swift */ = {isa = PBXFileReference; lastKnownFileType = sourcecode.swift; path = AppViewModel.swift; sourceTree = "<group>"; };
		8455A0AF2BA1805F006E8BA1 /* SoundscapeAPIService.swift */ = {isa = PBXFileReference; lastKnownFileType = sourcecode.swift; path = SoundscapeAPIService.swift; sourceTree = "<group>"; };
		8455A0B42BA1868D006E8BA1 /* AudioFetch.swift */ = {isa = PBXFileReference; lastKnownFileType = sourcecode.swift; path = AudioFetch.swift; sourceTree = "<group>"; };
		8455A0B72BA18976006E8BA1 /* SCError.swift */ = {isa = PBXFileReference; lastKnownFileType = sourcecode.swift; path = SCError.swift; sourceTree = "<group>"; };
		8455A0BC2BA18B21006E8BA1 /* MusicListViewModel.swift */ = {isa = PBXFileReference; lastKnownFileType = sourcecode.swift; path = MusicListViewModel.swift; sourceTree = "<group>"; };
		8455A0C02BA19AA0006E8BA1 /* SongRepository.swift */ = {isa = PBXFileReference; lastKnownFileType = sourcecode.swift; path = SongRepository.swift; sourceTree = "<group>"; };
		8455A0C22BA19E34006E8BA1 /* GetSongFetchUseCase.swift */ = {isa = PBXFileReference; lastKnownFileType = sourcecode.swift; path = GetSongFetchUseCase.swift; sourceTree = "<group>"; };
		8455A0C42BA19F96006E8BA1 /* Resource.swift */ = {isa = PBXFileReference; lastKnownFileType = sourcecode.swift; path = Resource.swift; sourceTree = "<group>"; };
		8455A0C62BA1A048006E8BA1 /* SongRepositoryImpl.swift */ = {isa = PBXFileReference; lastKnownFileType = sourcecode.swift; path = SongRepositoryImpl.swift; sourceTree = "<group>"; };
		8455A0CB2BA1A0E3006E8BA1 /* SongRemoteDataSource.swift */ = {isa = PBXFileReference; lastKnownFileType = sourcecode.swift; path = SongRemoteDataSource.swift; sourceTree = "<group>"; };
		8455A0CE2BA1A104006E8BA1 /* SongRemoteDataSourceImpl.swift */ = {isa = PBXFileReference; lastKnownFileType = sourcecode.swift; path = SongRemoteDataSourceImpl.swift; sourceTree = "<group>"; };
		8463B0142B8F3F2500EB81DF /* WixMadeforText-Bold.ttf */ = {isa = PBXFileReference; lastKnownFileType = file; path = "WixMadeforText-Bold.ttf"; sourceTree = "<group>"; };
		8463B0152B8F3F2500EB81DF /* WixMadeforText-SemiBold.ttf */ = {isa = PBXFileReference; lastKnownFileType = file; path = "WixMadeforText-SemiBold.ttf"; sourceTree = "<group>"; };
		8463B0162B8F3F2500EB81DF /* WixMadeforText-Regular.ttf */ = {isa = PBXFileReference; lastKnownFileType = file; path = "WixMadeforText-Regular.ttf"; sourceTree = "<group>"; };
		8463B01A2B8F3F3B00EB81DF /* Info.plist */ = {isa = PBXFileReference; lastKnownFileType = text.plist; path = Info.plist; sourceTree = "<group>"; };
		8465502A2B95A904008E6176 /* OnboardingListView.swift */ = {isa = PBXFileReference; lastKnownFileType = sourcecode.swift; path = OnboardingListView.swift; sourceTree = "<group>"; };
		8465502C2B95A952008E6176 /* OnboardingArrowButtonView.swift */ = {isa = PBXFileReference; lastKnownFileType = sourcecode.swift; path = OnboardingArrowButtonView.swift; sourceTree = "<group>"; };
		8465502E2B95A987008E6176 /* OnboardingNextButtonView.swift */ = {isa = PBXFileReference; lastKnownFileType = sourcecode.swift; path = OnboardingNextButtonView.swift; sourceTree = "<group>"; };
		846550312B95B7B2008E6176 /* LoginSelectionView.swift */ = {isa = PBXFileReference; lastKnownFileType = sourcecode.swift; path = LoginSelectionView.swift; sourceTree = "<group>"; };
		846550372B95C27A008E6176 /* LoginView.swift */ = {isa = PBXFileReference; lastKnownFileType = sourcecode.swift; path = LoginView.swift; sourceTree = "<group>"; };
		846550392B95C284008E6176 /* SignupView.swift */ = {isa = PBXFileReference; lastKnownFileType = sourcecode.swift; path = SignupView.swift; sourceTree = "<group>"; };
		8465503B2B95DB44008E6176 /* ForgoutPasswordView.swift */ = {isa = PBXFileReference; lastKnownFileType = sourcecode.swift; path = ForgoutPasswordView.swift; sourceTree = "<group>"; };
		8465503D2B95EE64008E6176 /* NicknameView.swift */ = {isa = PBXFileReference; lastKnownFileType = sourcecode.swift; path = NicknameView.swift; sourceTree = "<group>"; };
		847F1B1E2B8F43B000EEE645 /* MoodSelectView.swift */ = {isa = PBXFileReference; lastKnownFileType = sourcecode.swift; path = MoodSelectView.swift; sourceTree = "<group>"; };
		847F1B212B8F459500EEE645 /* Mood.swift */ = {isa = PBXFileReference; lastKnownFileType = sourcecode.swift; path = Mood.swift; sourceTree = "<group>"; };
		849DBDA92B9AF3EB00A39807 /* PlaylistListView.swift */ = {isa = PBXFileReference; lastKnownFileType = sourcecode.swift; path = PlaylistListView.swift; sourceTree = "<group>"; };
		849DBDAB2B9AF68000A39807 /* PlaylistCardView.swift */ = {isa = PBXFileReference; lastKnownFileType = sourcecode.swift; path = PlaylistCardView.swift; sourceTree = "<group>"; };
		849DBDAD2B9B04DC00A39807 /* StoryListView.swift */ = {isa = PBXFileReference; lastKnownFileType = sourcecode.swift; path = StoryListView.swift; sourceTree = "<group>"; };
		84A4B3522B99D8BC00A3AC68 /* Episode.swift */ = {isa = PBXFileReference; lastKnownFileType = sourcecode.swift; path = Episode.swift; sourceTree = "<group>"; };
		B252D5B22B91BC9500F55DD8 /* StoryCardView.swift */ = {isa = PBXFileReference; lastKnownFileType = sourcecode.swift; path = StoryCardView.swift; sourceTree = "<group>"; };
		B252D5B52B92023C00F55DD8 /* MusicListView.swift */ = {isa = PBXFileReference; lastKnownFileType = sourcecode.swift; path = MusicListView.swift; sourceTree = "<group>"; };
		B2729D122B92FDA300FD2B84 /* ButtonModifier.swift */ = {isa = PBXFileReference; lastKnownFileType = sourcecode.swift; path = ButtonModifier.swift; sourceTree = "<group>"; };
		B28FE1612B906555009FB75D /* SearchBarView.swift */ = {isa = PBXFileReference; lastKnownFileType = sourcecode.swift; path = SearchBarView.swift; sourceTree = "<group>"; };
		B28FE1632B906719009FB75D /* Playlist.swift */ = {isa = PBXFileReference; lastKnownFileType = sourcecode.swift; path = Playlist.swift; sourceTree = "<group>"; };
		B28FE1652B906DE5009FB75D /* homePlaylistCardView.swift */ = {isa = PBXFileReference; lastKnownFileType = sourcecode.swift; path = homePlaylistCardView.swift; sourceTree = "<group>"; };
		B28FE1672B907A5C009FB75D /* StorySoundCardView.swift */ = {isa = PBXFileReference; lastKnownFileType = sourcecode.swift; path = StorySoundCardView.swift; sourceTree = "<group>"; };
		B28FE1692B907AE6009FB75D /* StorySound.swift */ = {isa = PBXFileReference; lastKnownFileType = sourcecode.swift; path = StorySound.swift; sourceTree = "<group>"; };
		B2D371C42B9700F20072048E /* MiniStoryCardView.swift */ = {isa = PBXFileReference; lastKnownFileType = sourcecode.swift; path = MiniStoryCardView.swift; sourceTree = "<group>"; };
		B2D371C62B9703580072048E /* MainStorySound.swift */ = {isa = PBXFileReference; lastKnownFileType = sourcecode.swift; path = MainStorySound.swift; sourceTree = "<group>"; };
		B2D371C92B9705370072048E /* StoryCardEpView.swift */ = {isa = PBXFileReference; lastKnownFileType = sourcecode.swift; path = StoryCardEpView.swift; sourceTree = "<group>"; };
		B2D371CB2B970EA20072048E /* StoryDetailView.swift */ = {isa = PBXFileReference; lastKnownFileType = sourcecode.swift; path = StoryDetailView.swift; sourceTree = "<group>"; };
		B2D371CD2B97263C0072048E /* EpisodeListView.swift */ = {isa = PBXFileReference; lastKnownFileType = sourcecode.swift; path = EpisodeListView.swift; sourceTree = "<group>"; };
		B2E269012B93046B0034147F /* FontExtension.swift */ = {isa = PBXFileReference; lastKnownFileType = sourcecode.swift; path = FontExtension.swift; sourceTree = "<group>"; };
		B2E38B202B930CC3000AAB15 /* MusicListItemView.swift */ = {isa = PBXFileReference; lastKnownFileType = sourcecode.swift; path = MusicListItemView.swift; sourceTree = "<group>"; };
		B2E38B222B930D0B000AAB15 /* Music.swift */ = {isa = PBXFileReference; lastKnownFileType = sourcecode.swift; path = Music.swift; sourceTree = "<group>"; };
		B2E38B242B9310EB000AAB15 /* BackgroundGradientView.swift */ = {isa = PBXFileReference; lastKnownFileType = sourcecode.swift; path = BackgroundGradientView.swift; sourceTree = "<group>"; };
		B2E38B262B936E65000AAB15 /* SplashView.swift */ = {isa = PBXFileReference; lastKnownFileType = sourcecode.swift; path = SplashView.swift; sourceTree = "<group>"; };
		B2E38B292B937489000AAB15 /* OnboardingView.swift */ = {isa = PBXFileReference; lastKnownFileType = sourcecode.swift; path = OnboardingView.swift; sourceTree = "<group>"; };
		B2E38B2B2B937567000AAB15 /* Onboarding.swift */ = {isa = PBXFileReference; lastKnownFileType = sourcecode.swift; path = Onboarding.swift; sourceTree = "<group>"; };
/* End PBXFileReference section */

/* Begin PBXFrameworksBuildPhase section */
		8402A2942B8F039A00A836CD /* Frameworks */ = {
			isa = PBXFrameworksBuildPhase;
			buildActionMask = 2147483647;
			files = (
			);
			runOnlyForDeploymentPostprocessing = 0;
		};
/* End PBXFrameworksBuildPhase section */

/* Begin PBXGroup section */
		8402A28E2B8F039A00A836CD = {
			isa = PBXGroup;
			children = (
				8402A2992B8F039A00A836CD /* Soundscape */,
				8402A2982B8F039A00A836CD /* Products */,
			);
			sourceTree = "<group>";
		};
		8402A2982B8F039A00A836CD /* Products */ = {
			isa = PBXGroup;
			children = (
				8402A2972B8F039A00A836CD /* Soundscape.app */,
			);
			name = Products;
			sourceTree = "<group>";
		};
		8402A2992B8F039A00A836CD /* Soundscape */ = {
			isa = PBXGroup;
			children = (
				8455A0AC2BA17E31006E8BA1 /* data */,
				8455A0AD2BA17E7B006E8BA1 /* domain */,
				8402A2A82B8F238700A836CD /* presentation */,
				8402A29E2B8F039D00A836CD /* Assets.xcassets */,
				8463B01A2B8F3F3B00EB81DF /* Info.plist */,
				8402A2A02B8F039D00A836CD /* Preview Content */,
			);
			path = Soundscape;
			sourceTree = "<group>";
		};
		8402A2A02B8F039D00A836CD /* Preview Content */ = {
			isa = PBXGroup;
			children = (
				8402A2A12B8F039D00A836CD /* Preview Assets.xcassets */,
			);
			path = "Preview Content";
			sourceTree = "<group>";
		};
		8402A2A82B8F238700A836CD /* presentation */ = {
			isa = PBXGroup;
			children = (
				8463B0132B8F3EEF00EB81DF /* font */,
				8402A2A92B8F239100A836CD /* ui */,
				8402A29A2B8F039A00A836CD /* SoundscapeApp.swift */,
			);
			path = presentation;
			sourceTree = "<group>";
		};
		8402A2A92B8F239100A836CD /* ui */ = {
			isa = PBXGroup;
			children = (
				8455A0AB2BA16D51006E8BA1 /* viewModel */,
				842020962B9EE7690034B065 /* extension */,
				8463B0062B8F2A3800EB81DF /* screens */,
				8463B0052B8F2A2F00EB81DF /* views */,
			);
			path = ui;
			sourceTree = "<group>";
		};
		8402A2AA2B8F23B500A836CD /* home */ = {
			isa = PBXGroup;
			children = (
				847F1B202B8F457A00EEE645 /* model */,
				847F1B1D2B8F439900EEE645 /* views */,
				8402A2AE2B8F242200A836CD /* HomeView.swift */,
				849DBDA92B9AF3EB00A39807 /* PlaylistListView.swift */,
			);
			path = home;
			sourceTree = "<group>";
		};
		8402A2AB2B8F23D100A836CD /* story */ = {
			isa = PBXGroup;
			children = (
				B2D371C82B9703610072048E /* model */,
				B2D371C32B97007A0072048E /* views */,
				8402A2B02B8F244700A836CD /* StoryView.swift */,
				B2D371CB2B970EA20072048E /* StoryDetailView.swift */,
				849DBDAD2B9B04DC00A39807 /* StoryListView.swift */,
			);
			path = story;
			sourceTree = "<group>";
		};
		8402A2AC2B8F23DC00A836CD /* like */ = {
			isa = PBXGroup;
			children = (
				8402A2B22B8F245000A836CD /* LikeView.swift */,
			);
			path = like;
			sourceTree = "<group>";
		};
		8402A2AD2B8F23F300A836CD /* setting */ = {
			isa = PBXGroup;
			children = (
				8402A2B42B8F246000A836CD /* SettingView.swift */,
			);
			path = setting;
			sourceTree = "<group>";
		};
		842020962B9EE7690034B065 /* extension */ = {
			isa = PBXGroup;
			children = (
				842020972B9EE7750034B065 /* Color.swift */,
			);
			path = extension;
			sourceTree = "<group>";
		};
		8455A0A72BA16A3C006E8BA1 /* musicPlayer */ = {
			isa = PBXGroup;
			children = (
				842020902B9ED2900034B065 /* MusicPlayerView.swift */,
			);
			path = musicPlayer;
			sourceTree = "<group>";
		};
		8455A0AB2BA16D51006E8BA1 /* viewModel */ = {
			isa = PBXGroup;
			children = (
				8455A0A82BA16B54006E8BA1 /* AppViewModel.swift */,
			);
			path = viewModel;
			sourceTree = "<group>";
		};
		8455A0AC2BA17E31006E8BA1 /* data */ = {
			isa = PBXGroup;
			children = (
				8455A0AE2BA18044006E8BA1 /* api */,
				8455A0B12BA18468006E8BA1 /* db */,
				8455A0B32BA18634006E8BA1 /* model */,
				8455A0B22BA1846F006E8BA1 /* repository */,
				8455A0B62BA1895E006E8BA1 /* util */,
			);
			path = data;
			sourceTree = "<group>";
		};
		8455A0AD2BA17E7B006E8BA1 /* domain */ = {
			isa = PBXGroup;
			children = (
				8455A0BF2BA19A5C006E8BA1 /* repository */,
				8455A0BE2BA19A55006E8BA1 /* usecase */,
			);
			path = domain;
			sourceTree = "<group>";
		};
		8455A0AE2BA18044006E8BA1 /* api */ = {
			isa = PBXGroup;
			children = (
				8455A0AF2BA1805F006E8BA1 /* SoundscapeAPIService.swift */,
			);
			path = api;
			sourceTree = "<group>";
		};
		8455A0B12BA18468006E8BA1 /* db */ = {
			isa = PBXGroup;
			children = (
			);
			path = db;
			sourceTree = "<group>";
		};
		8455A0B22BA1846F006E8BA1 /* repository */ = {
			isa = PBXGroup;
			children = (
				8455A0C82BA1A068006E8BA1 /* dataSource */,
				8455A0C92BA1A071006E8BA1 /* dataSourceImpl */,
				8455A0C62BA1A048006E8BA1 /* SongRepositoryImpl.swift */,
			);
			path = repository;
			sourceTree = "<group>";
		};
		8455A0B32BA18634006E8BA1 /* model */ = {
			isa = PBXGroup;
			children = (
				8455A0B42BA1868D006E8BA1 /* AudioFetch.swift */,
			);
			path = model;
			sourceTree = "<group>";
		};
		8455A0B62BA1895E006E8BA1 /* util */ = {
			isa = PBXGroup;
			children = (
				8455A0B72BA18976006E8BA1 /* SCError.swift */,
				8455A0C42BA19F96006E8BA1 /* Resource.swift */,
			);
			path = util;
			sourceTree = "<group>";
		};
		8455A0BE2BA19A55006E8BA1 /* usecase */ = {
			isa = PBXGroup;
			children = (
				8455A0C22BA19E34006E8BA1 /* GetSongFetchUseCase.swift */,
			);
			path = usecase;
			sourceTree = "<group>";
		};
		8455A0BF2BA19A5C006E8BA1 /* repository */ = {
			isa = PBXGroup;
			children = (
				8455A0C02BA19AA0006E8BA1 /* SongRepository.swift */,
			);
			path = repository;
			sourceTree = "<group>";
		};
		8455A0C82BA1A068006E8BA1 /* dataSource */ = {
			isa = PBXGroup;
			children = (
				8455A0CA2BA1A0BD006E8BA1 /* song */,
			);
			path = dataSource;
			sourceTree = "<group>";
		};
		8455A0C92BA1A071006E8BA1 /* dataSourceImpl */ = {
			isa = PBXGroup;
			children = (
				8455A0CD2BA1A0EE006E8BA1 /* song */,
			);
			path = dataSourceImpl;
			sourceTree = "<group>";
		};
		8455A0CA2BA1A0BD006E8BA1 /* song */ = {
			isa = PBXGroup;
			children = (
				8455A0CB2BA1A0E3006E8BA1 /* SongRemoteDataSource.swift */,
			);
			path = song;
			sourceTree = "<group>";
		};
		8455A0CD2BA1A0EE006E8BA1 /* song */ = {
			isa = PBXGroup;
			children = (
				8455A0CE2BA1A104006E8BA1 /* SongRemoteDataSourceImpl.swift */,
			);
			path = song;
			sourceTree = "<group>";
		};
		8463B0052B8F2A2F00EB81DF /* views */ = {
			isa = PBXGroup;
			children = (
				B2729D122B92FDA300FD2B84 /* ButtonModifier.swift */,
				8420208E2B9ECD4A0034B065 /* StaggeredGrid.swift */,
				842020922B9EDD4C0034B065 /* BlurView.swift */,
				842020942B9EE1810034B065 /* RoundedCorner.swift */,
				842020992B9EF3BD0034B065 /* MarqueeText.swift */,
			);
			path = views;
			sourceTree = "<group>";
		};
		8463B0062B8F2A3800EB81DF /* screens */ = {
			isa = PBXGroup;
			children = (
				8455A0A72BA16A3C006E8BA1 /* musicPlayer */,
				846550302B95B643008E6176 /* login */,
				B2E38B282B937320000AAB15 /* onboarding */,
				B252D5B42B92022500F55DD8 /* musicList */,
				8402A2AD2B8F23F300A836CD /* setting */,
				8402A2AC2B8F23DC00A836CD /* like */,
				8402A2AB2B8F23D100A836CD /* story */,
				8402A2AA2B8F23B500A836CD /* home */,
				8402A29C2B8F039A00A836CD /* SoundscapeTabView.swift */,
				B2E38B262B936E65000AAB15 /* SplashView.swift */,
			);
			path = screens;
			sourceTree = "<group>";
		};
		8463B0132B8F3EEF00EB81DF /* font */ = {
			isa = PBXGroup;
			children = (
				8463B0142B8F3F2500EB81DF /* WixMadeforText-Bold.ttf */,
				8463B0162B8F3F2500EB81DF /* WixMadeforText-Regular.ttf */,
				8463B0152B8F3F2500EB81DF /* WixMadeforText-SemiBold.ttf */,
				B2E269012B93046B0034147F /* FontExtension.swift */,
			);
			path = font;
			sourceTree = "<group>";
		};
		846550292B95A8DC008E6176 /* views */ = {
			isa = PBXGroup;
			children = (
				8465502A2B95A904008E6176 /* OnboardingListView.swift */,
				8465502C2B95A952008E6176 /* OnboardingArrowButtonView.swift */,
				8465502E2B95A987008E6176 /* OnboardingNextButtonView.swift */,
			);
			path = views;
			sourceTree = "<group>";
		};
		846550302B95B643008E6176 /* login */ = {
			isa = PBXGroup;
			children = (
				846550312B95B7B2008E6176 /* LoginSelectionView.swift */,
				846550372B95C27A008E6176 /* LoginView.swift */,
				846550392B95C284008E6176 /* SignupView.swift */,
				8465503B2B95DB44008E6176 /* ForgoutPasswordView.swift */,
				8465503D2B95EE64008E6176 /* NicknameView.swift */,
			);
			path = login;
			sourceTree = "<group>";
		};
		847F1B1D2B8F439900EEE645 /* views */ = {
			isa = PBXGroup;
			children = (
				847F1B1E2B8F43B000EEE645 /* MoodSelectView.swift */,
				B28FE1612B906555009FB75D /* SearchBarView.swift */,
				B28FE1652B906DE5009FB75D /* homePlaylistCardView.swift */,
				B28FE1672B907A5C009FB75D /* StorySoundCardView.swift */,
				B252D5B22B91BC9500F55DD8 /* StoryCardView.swift */,
				B2E38B242B9310EB000AAB15 /* BackgroundGradientView.swift */,
				849DBDAB2B9AF68000A39807 /* PlaylistCardView.swift */,
			);
			path = views;
			sourceTree = "<group>";
		};
		847F1B202B8F457A00EEE645 /* model */ = {
			isa = PBXGroup;
			children = (
				847F1B212B8F459500EEE645 /* Mood.swift */,
				B28FE1632B906719009FB75D /* Playlist.swift */,
				B28FE1692B907AE6009FB75D /* StorySound.swift */,
			);
			path = model;
			sourceTree = "<group>";
		};
		B252D5B42B92022500F55DD8 /* musicList */ = {
			isa = PBXGroup;
			children = (
				B2E38B1F2B930C9B000AAB15 /* views */,
				B2E38B1E2B930C93000AAB15 /* model */,
				B252D5B52B92023C00F55DD8 /* MusicListView.swift */,
				8455A0BC2BA18B21006E8BA1 /* MusicListViewModel.swift */,
			);
			path = musicList;
			sourceTree = "<group>";
		};
		B2D371C32B97007A0072048E /* views */ = {
			isa = PBXGroup;
			children = (
				B2D371C42B9700F20072048E /* MiniStoryCardView.swift */,
				B2D371C92B9705370072048E /* StoryCardEpView.swift */,
				B2D371CD2B97263C0072048E /* EpisodeListView.swift */,
			);
			path = views;
			sourceTree = "<group>";
		};
		B2D371C82B9703610072048E /* model */ = {
			isa = PBXGroup;
			children = (
				B2D371C62B9703580072048E /* MainStorySound.swift */,
				84A4B3522B99D8BC00A3AC68 /* Episode.swift */,
			);
			path = model;
			sourceTree = "<group>";
		};
		B2E38B1E2B930C93000AAB15 /* model */ = {
			isa = PBXGroup;
			children = (
				B2E38B222B930D0B000AAB15 /* Music.swift */,
			);
			path = model;
			sourceTree = "<group>";
		};
		B2E38B1F2B930C9B000AAB15 /* views */ = {
			isa = PBXGroup;
			children = (
				B2E38B202B930CC3000AAB15 /* MusicListItemView.swift */,
			);
			path = views;
			sourceTree = "<group>";
		};
		B2E38B282B937320000AAB15 /* onboarding */ = {
			isa = PBXGroup;
			children = (
				846550292B95A8DC008E6176 /* views */,
				B2E38B2D2B93756C000AAB15 /* model */,
				B2E38B292B937489000AAB15 /* OnboardingView.swift */,
			);
			path = onboarding;
			sourceTree = "<group>";
		};
		B2E38B2D2B93756C000AAB15 /* model */ = {
			isa = PBXGroup;
			children = (
				B2E38B2B2B937567000AAB15 /* Onboarding.swift */,
			);
			path = model;
			sourceTree = "<group>";
		};
/* End PBXGroup section */

/* Begin PBXNativeTarget section */
		8402A2962B8F039A00A836CD /* Soundscape */ = {
			isa = PBXNativeTarget;
			buildConfigurationList = 8402A2A52B8F039D00A836CD /* Build configuration list for PBXNativeTarget "Soundscape" */;
			buildPhases = (
				8402A2932B8F039A00A836CD /* Sources */,
				8402A2942B8F039A00A836CD /* Frameworks */,
				8402A2952B8F039A00A836CD /* Resources */,
			);
			buildRules = (
			);
			dependencies = (
			);
			name = Soundscape;
			productName = Soundscape;
			productReference = 8402A2972B8F039A00A836CD /* Soundscape.app */;
			productType = "com.apple.product-type.application";
		};
/* End PBXNativeTarget section */

/* Begin PBXProject section */
		8402A28F2B8F039A00A836CD /* Project object */ = {
			isa = PBXProject;
			attributes = {
				BuildIndependentTargetsInParallel = 1;
				LastSwiftUpdateCheck = 1520;
				LastUpgradeCheck = 1520;
				TargetAttributes = {
					8402A2962B8F039A00A836CD = {
						CreatedOnToolsVersion = 15.2;
					};
				};
			};
			buildConfigurationList = 8402A2922B8F039A00A836CD /* Build configuration list for PBXProject "Soundscape" */;
			compatibilityVersion = "Xcode 14.0";
			developmentRegion = en;
			hasScannedForEncodings = 0;
			knownRegions = (
				en,
				Base,
			);
			mainGroup = 8402A28E2B8F039A00A836CD;
			productRefGroup = 8402A2982B8F039A00A836CD /* Products */;
			projectDirPath = "";
			projectRoot = "";
			targets = (
				8402A2962B8F039A00A836CD /* Soundscape */,
			);
		};
/* End PBXProject section */

/* Begin PBXResourcesBuildPhase section */
		8402A2952B8F039A00A836CD /* Resources */ = {
			isa = PBXResourcesBuildPhase;
			buildActionMask = 2147483647;
			files = (
				8463B0172B8F3F2500EB81DF /* WixMadeforText-Bold.ttf in Resources */,
				8402A2A22B8F039D00A836CD /* Preview Assets.xcassets in Resources */,
				8463B0192B8F3F2500EB81DF /* WixMadeforText-Regular.ttf in Resources */,
				8463B0182B8F3F2500EB81DF /* WixMadeforText-SemiBold.ttf in Resources */,
				8402A29F2B8F039D00A836CD /* Assets.xcassets in Resources */,
			);
			runOnlyForDeploymentPostprocessing = 0;
		};
/* End PBXResourcesBuildPhase section */

/* Begin PBXSourcesBuildPhase section */
		8402A2932B8F039A00A836CD /* Sources */ = {
			isa = PBXSourcesBuildPhase;
			buildActionMask = 2147483647;
			files = (
				8402A2AF2B8F242200A836CD /* HomeView.swift in Sources */,
				8420209A2B9EF3BD0034B065 /* MarqueeText.swift in Sources */,
				B28FE1622B906555009FB75D /* SearchBarView.swift in Sources */,
				8455A0C72BA1A048006E8BA1 /* SongRepositoryImpl.swift in Sources */,
				8465503C2B95DB44008E6176 /* ForgoutPasswordView.swift in Sources */,
				8455A0CF2BA1A104006E8BA1 /* SongRemoteDataSourceImpl.swift in Sources */,
				B2D371CA2B9705370072048E /* StoryCardEpView.swift in Sources */,
				B28FE1682B907A5C009FB75D /* StorySoundCardView.swift in Sources */,
				B2D371C72B9703580072048E /* MainStorySound.swift in Sources */,
				849DBDAA2B9AF3EB00A39807 /* PlaylistListView.swift in Sources */,
				B28FE1662B906DE5009FB75D /* homePlaylistCardView.swift in Sources */,
				8455A0B52BA1868D006E8BA1 /* AudioFetch.swift in Sources */,
				8402A29D2B8F039A00A836CD /* SoundscapeTabView.swift in Sources */,
				8465502B2B95A904008E6176 /* OnboardingListView.swift in Sources */,
				84A4B3532B99D8BC00A3AC68 /* Episode.swift in Sources */,
				8420208F2B9ECD4A0034B065 /* StaggeredGrid.swift in Sources */,
				8465502F2B95A987008E6176 /* OnboardingNextButtonView.swift in Sources */,
				B252D5B62B92023C00F55DD8 /* MusicListView.swift in Sources */,
				847F1B1F2B8F43B000EEE645 /* MoodSelectView.swift in Sources */,
				842020982B9EE7750034B065 /* Color.swift in Sources */,
				B252D5B32B91BC9500F55DD8 /* StoryCardView.swift in Sources */,
				B2E38B252B9310EB000AAB15 /* BackgroundGradientView.swift in Sources */,
				B2E38B232B930D0B000AAB15 /* Music.swift in Sources */,
				8465502D2B95A952008E6176 /* OnboardingArrowButtonView.swift in Sources */,
				8455A0B02BA1805F006E8BA1 /* SoundscapeAPIService.swift in Sources */,
				8402A2B32B8F245000A836CD /* LikeView.swift in Sources */,
				B2E38B212B930CC3000AAB15 /* MusicListItemView.swift in Sources */,
				8465503E2B95EE64008E6176 /* NicknameView.swift in Sources */,
				842020912B9ED2900034B065 /* MusicPlayerView.swift in Sources */,
				B2729D132B92FDA300FD2B84 /* ButtonModifier.swift in Sources */,
				849DBDAE2B9B04DC00A39807 /* StoryListView.swift in Sources */,
				B28FE16A2B907AE6009FB75D /* StorySound.swift in Sources */,
				847F1B222B8F459500EEE645 /* Mood.swift in Sources */,
				8402A2B52B8F246000A836CD /* SettingView.swift in Sources */,
				8455A0A92BA16B54006E8BA1 /* AppViewModel.swift in Sources */,
				842020952B9EE1810034B065 /* RoundedCorner.swift in Sources */,
				8455A0CC2BA1A0E3006E8BA1 /* SongRemoteDataSource.swift in Sources */,
				8455A0BD2BA18B21006E8BA1 /* MusicListViewModel.swift in Sources */,
				B2D371C52B9700F20072048E /* MiniStoryCardView.swift in Sources */,
				B2E269022B93046B0034147F /* FontExtension.swift in Sources */,
				842020932B9EDD4C0034B065 /* BlurView.swift in Sources */,
				8455A0C32BA19E34006E8BA1 /* GetSongFetchUseCase.swift in Sources */,
				8402A2B12B8F244700A836CD /* StoryView.swift in Sources */,
				8402A29B2B8F039A00A836CD /* SoundscapeApp.swift in Sources */,
				846550382B95C27A008E6176 /* LoginView.swift in Sources */,
				B2E38B2C2B937567000AAB15 /* Onboarding.swift in Sources */,
				B28FE1642B906719009FB75D /* Playlist.swift in Sources */,
				B2D371CC2B970EA20072048E /* StoryDetailView.swift in Sources */,
				8455A0C52BA19F96006E8BA1 /* Resource.swift in Sources */,
				B2E38B272B936E65000AAB15 /* SplashView.swift in Sources */,
				B2D371CE2B97263C0072048E /* EpisodeListView.swift in Sources */,
				8455A0C12BA19AA0006E8BA1 /* SongRepository.swift in Sources */,
				849DBDAC2B9AF68000A39807 /* PlaylistCardView.swift in Sources */,
				B2E38B2A2B937489000AAB15 /* OnboardingView.swift in Sources */,
				846550322B95B7B2008E6176 /* LoginSelectionView.swift in Sources */,
				8455A0B82BA18976006E8BA1 /* SCError.swift in Sources */,
				8465503A2B95C284008E6176 /* SignupView.swift in Sources */,
			);
			runOnlyForDeploymentPostprocessing = 0;
		};
/* End PBXSourcesBuildPhase section */

/* Begin XCBuildConfiguration section */
		8402A2A32B8F039D00A836CD /* Debug */ = {
			isa = XCBuildConfiguration;
			buildSettings = {
				ALWAYS_SEARCH_USER_PATHS = NO;
				ASSETCATALOG_COMPILER_GENERATE_SWIFT_ASSET_SYMBOL_EXTENSIONS = YES;
				CLANG_ANALYZER_NONNULL = YES;
				CLANG_ANALYZER_NUMBER_OBJECT_CONVERSION = YES_AGGRESSIVE;
				CLANG_CXX_LANGUAGE_STANDARD = "gnu++20";
				CLANG_ENABLE_MODULES = YES;
				CLANG_ENABLE_OBJC_ARC = YES;
				CLANG_ENABLE_OBJC_WEAK = YES;
				CLANG_WARN_BLOCK_CAPTURE_AUTORELEASING = YES;
				CLANG_WARN_BOOL_CONVERSION = YES;
				CLANG_WARN_COMMA = YES;
				CLANG_WARN_CONSTANT_CONVERSION = YES;
				CLANG_WARN_DEPRECATED_OBJC_IMPLEMENTATIONS = YES;
				CLANG_WARN_DIRECT_OBJC_ISA_USAGE = YES_ERROR;
				CLANG_WARN_DOCUMENTATION_COMMENTS = YES;
				CLANG_WARN_EMPTY_BODY = YES;
				CLANG_WARN_ENUM_CONVERSION = YES;
				CLANG_WARN_INFINITE_RECURSION = YES;
				CLANG_WARN_INT_CONVERSION = YES;
				CLANG_WARN_NON_LITERAL_NULL_CONVERSION = YES;
				CLANG_WARN_OBJC_IMPLICIT_RETAIN_SELF = YES;
				CLANG_WARN_OBJC_LITERAL_CONVERSION = YES;
				CLANG_WARN_OBJC_ROOT_CLASS = YES_ERROR;
				CLANG_WARN_QUOTED_INCLUDE_IN_FRAMEWORK_HEADER = YES;
				CLANG_WARN_RANGE_LOOP_ANALYSIS = YES;
				CLANG_WARN_STRICT_PROTOTYPES = YES;
				CLANG_WARN_SUSPICIOUS_MOVE = YES;
				CLANG_WARN_UNGUARDED_AVAILABILITY = YES_AGGRESSIVE;
				CLANG_WARN_UNREACHABLE_CODE = YES;
				CLANG_WARN__DUPLICATE_METHOD_MATCH = YES;
				COPY_PHASE_STRIP = NO;
				DEBUG_INFORMATION_FORMAT = dwarf;
				ENABLE_STRICT_OBJC_MSGSEND = YES;
				ENABLE_TESTABILITY = YES;
				ENABLE_USER_SCRIPT_SANDBOXING = YES;
				GCC_C_LANGUAGE_STANDARD = gnu17;
				GCC_DYNAMIC_NO_PIC = NO;
				GCC_NO_COMMON_BLOCKS = YES;
				GCC_OPTIMIZATION_LEVEL = 0;
				GCC_PREPROCESSOR_DEFINITIONS = (
					"DEBUG=1",
					"$(inherited)",
				);
				GCC_WARN_64_TO_32_BIT_CONVERSION = YES;
				GCC_WARN_ABOUT_RETURN_TYPE = YES_ERROR;
				GCC_WARN_UNDECLARED_SELECTOR = YES;
				GCC_WARN_UNINITIALIZED_AUTOS = YES_AGGRESSIVE;
				GCC_WARN_UNUSED_FUNCTION = YES;
				GCC_WARN_UNUSED_VARIABLE = YES;
				IPHONEOS_DEPLOYMENT_TARGET = 17.2;
				LOCALIZATION_PREFERS_STRING_CATALOGS = YES;
				MTL_ENABLE_DEBUG_INFO = INCLUDE_SOURCE;
				MTL_FAST_MATH = YES;
				ONLY_ACTIVE_ARCH = YES;
				SDKROOT = iphoneos;
				SWIFT_ACTIVE_COMPILATION_CONDITIONS = "DEBUG $(inherited)";
				SWIFT_OPTIMIZATION_LEVEL = "-Onone";
			};
			name = Debug;
		};
		8402A2A42B8F039D00A836CD /* Release */ = {
			isa = XCBuildConfiguration;
			buildSettings = {
				ALWAYS_SEARCH_USER_PATHS = NO;
				ASSETCATALOG_COMPILER_GENERATE_SWIFT_ASSET_SYMBOL_EXTENSIONS = YES;
				CLANG_ANALYZER_NONNULL = YES;
				CLANG_ANALYZER_NUMBER_OBJECT_CONVERSION = YES_AGGRESSIVE;
				CLANG_CXX_LANGUAGE_STANDARD = "gnu++20";
				CLANG_ENABLE_MODULES = YES;
				CLANG_ENABLE_OBJC_ARC = YES;
				CLANG_ENABLE_OBJC_WEAK = YES;
				CLANG_WARN_BLOCK_CAPTURE_AUTORELEASING = YES;
				CLANG_WARN_BOOL_CONVERSION = YES;
				CLANG_WARN_COMMA = YES;
				CLANG_WARN_CONSTANT_CONVERSION = YES;
				CLANG_WARN_DEPRECATED_OBJC_IMPLEMENTATIONS = YES;
				CLANG_WARN_DIRECT_OBJC_ISA_USAGE = YES_ERROR;
				CLANG_WARN_DOCUMENTATION_COMMENTS = YES;
				CLANG_WARN_EMPTY_BODY = YES;
				CLANG_WARN_ENUM_CONVERSION = YES;
				CLANG_WARN_INFINITE_RECURSION = YES;
				CLANG_WARN_INT_CONVERSION = YES;
				CLANG_WARN_NON_LITERAL_NULL_CONVERSION = YES;
				CLANG_WARN_OBJC_IMPLICIT_RETAIN_SELF = YES;
				CLANG_WARN_OBJC_LITERAL_CONVERSION = YES;
				CLANG_WARN_OBJC_ROOT_CLASS = YES_ERROR;
				CLANG_WARN_QUOTED_INCLUDE_IN_FRAMEWORK_HEADER = YES;
				CLANG_WARN_RANGE_LOOP_ANALYSIS = YES;
				CLANG_WARN_STRICT_PROTOTYPES = YES;
				CLANG_WARN_SUSPICIOUS_MOVE = YES;
				CLANG_WARN_UNGUARDED_AVAILABILITY = YES_AGGRESSIVE;
				CLANG_WARN_UNREACHABLE_CODE = YES;
				CLANG_WARN__DUPLICATE_METHOD_MATCH = YES;
				COPY_PHASE_STRIP = NO;
				DEBUG_INFORMATION_FORMAT = "dwarf-with-dsym";
				ENABLE_NS_ASSERTIONS = NO;
				ENABLE_STRICT_OBJC_MSGSEND = YES;
				ENABLE_USER_SCRIPT_SANDBOXING = YES;
				GCC_C_LANGUAGE_STANDARD = gnu17;
				GCC_NO_COMMON_BLOCKS = YES;
				GCC_WARN_64_TO_32_BIT_CONVERSION = YES;
				GCC_WARN_ABOUT_RETURN_TYPE = YES_ERROR;
				GCC_WARN_UNDECLARED_SELECTOR = YES;
				GCC_WARN_UNINITIALIZED_AUTOS = YES_AGGRESSIVE;
				GCC_WARN_UNUSED_FUNCTION = YES;
				GCC_WARN_UNUSED_VARIABLE = YES;
				IPHONEOS_DEPLOYMENT_TARGET = 17.2;
				LOCALIZATION_PREFERS_STRING_CATALOGS = YES;
				MTL_ENABLE_DEBUG_INFO = NO;
				MTL_FAST_MATH = YES;
				SDKROOT = iphoneos;
				SWIFT_COMPILATION_MODE = wholemodule;
				VALIDATE_PRODUCT = YES;
			};
			name = Release;
		};
		8402A2A62B8F039D00A836CD /* Debug */ = {
			isa = XCBuildConfiguration;
			buildSettings = {
				ASSETCATALOG_COMPILER_APPICON_NAME = AppIcon;
				ASSETCATALOG_COMPILER_GLOBAL_ACCENT_COLOR_NAME = AccentColor;
				CODE_SIGN_STYLE = Automatic;
				CURRENT_PROJECT_VERSION = 1;
				DEVELOPMENT_ASSET_PATHS = "\"Soundscape/Preview Content\"";
				DEVELOPMENT_TEAM = JR75GG23WH;
				ENABLE_PREVIEWS = YES;
				GENERATE_INFOPLIST_FILE = YES;
				INFOPLIST_FILE = Soundscape/Info.plist;
				INFOPLIST_KEY_UIApplicationSceneManifest_Generation = YES;
				INFOPLIST_KEY_UIApplicationSupportsIndirectInputEvents = YES;
				INFOPLIST_KEY_UILaunchScreen_Generation = YES;
				INFOPLIST_KEY_UISupportedInterfaceOrientations = UIInterfaceOrientationPortrait;
				INFOPLIST_KEY_UISupportedInterfaceOrientations_iPad = "UIInterfaceOrientationLandscapeLeft UIInterfaceOrientationLandscapeRight UIInterfaceOrientationPortrait UIInterfaceOrientationPortraitUpsideDown";
				INFOPLIST_KEY_UIUserInterfaceStyle = Dark;
				IPHONEOS_DEPLOYMENT_TARGET = 15.0;
				LD_RUNPATH_SEARCH_PATHS = (
					"$(inherited)",
					"@executable_path/Frameworks",
				);
				MARKETING_VERSION = 1.0;
				PRODUCT_BUNDLE_IDENTIFIER = com.appstesting.Soundscape;
				PRODUCT_NAME = "$(TARGET_NAME)";
				SUPPORTED_PLATFORMS = "iphoneos iphonesimulator";
				SUPPORTS_MACCATALYST = NO;
				SUPPORTS_MAC_DESIGNED_FOR_IPHONE_IPAD = NO;
				SUPPORTS_XR_DESIGNED_FOR_IPHONE_IPAD = NO;
				SWIFT_EMIT_LOC_STRINGS = YES;
				SWIFT_VERSION = 5.0;
				TARGETED_DEVICE_FAMILY = 1;
			};
			name = Debug;
		};
		8402A2A72B8F039D00A836CD /* Release */ = {
			isa = XCBuildConfiguration;
			buildSettings = {
				ASSETCATALOG_COMPILER_APPICON_NAME = AppIcon;
				ASSETCATALOG_COMPILER_GLOBAL_ACCENT_COLOR_NAME = AccentColor;
				CODE_SIGN_STYLE = Automatic;
				CURRENT_PROJECT_VERSION = 1;
				DEVELOPMENT_ASSET_PATHS = "\"Soundscape/Preview Content\"";
				DEVELOPMENT_TEAM = JR75GG23WH;
				ENABLE_PREVIEWS = YES;
				GENERATE_INFOPLIST_FILE = YES;
				INFOPLIST_FILE = Soundscape/Info.plist;
				INFOPLIST_KEY_UIApplicationSceneManifest_Generation = YES;
				INFOPLIST_KEY_UIApplicationSupportsIndirectInputEvents = YES;
				INFOPLIST_KEY_UILaunchScreen_Generation = YES;
				INFOPLIST_KEY_UISupportedInterfaceOrientations = UIInterfaceOrientationPortrait;
				INFOPLIST_KEY_UISupportedInterfaceOrientations_iPad = "UIInterfaceOrientationLandscapeLeft UIInterfaceOrientationLandscapeRight UIInterfaceOrientationPortrait UIInterfaceOrientationPortraitUpsideDown";
				INFOPLIST_KEY_UIUserInterfaceStyle = Dark;
				IPHONEOS_DEPLOYMENT_TARGET = 15.0;
				LD_RUNPATH_SEARCH_PATHS = (
					"$(inherited)",
					"@executable_path/Frameworks",
				);
				MARKETING_VERSION = 1.0;
				PRODUCT_BUNDLE_IDENTIFIER = com.appstesting.Soundscape;
				PRODUCT_NAME = "$(TARGET_NAME)";
				SUPPORTED_PLATFORMS = "iphoneos iphonesimulator";
				SUPPORTS_MACCATALYST = NO;
				SUPPORTS_MAC_DESIGNED_FOR_IPHONE_IPAD = NO;
				SUPPORTS_XR_DESIGNED_FOR_IPHONE_IPAD = NO;
				SWIFT_EMIT_LOC_STRINGS = YES;
				SWIFT_VERSION = 5.0;
				TARGETED_DEVICE_FAMILY = 1;
			};
			name = Release;
		};
/* End XCBuildConfiguration section */

/* Begin XCConfigurationList section */
		8402A2922B8F039A00A836CD /* Build configuration list for PBXProject "Soundscape" */ = {
			isa = XCConfigurationList;
			buildConfigurations = (
				8402A2A32B8F039D00A836CD /* Debug */,
				8402A2A42B8F039D00A836CD /* Release */,
			);
			defaultConfigurationIsVisible = 0;
			defaultConfigurationName = Release;
		};
		8402A2A52B8F039D00A836CD /* Build configuration list for PBXNativeTarget "Soundscape" */ = {
			isa = XCConfigurationList;
			buildConfigurations = (
				8402A2A62B8F039D00A836CD /* Debug */,
				8402A2A72B8F039D00A836CD /* Release */,
			);
			defaultConfigurationIsVisible = 0;
			defaultConfigurationName = Release;
		};
/* End XCConfigurationList section */
	};
	rootObject = 8402A28F2B8F039A00A836CD /* Project object */;
}
