// !$*UTF8*$!
{
	archiveVersion = 1;
	classes = {
	};
	objectVersion = 56;
	objects = {

/* Begin PBXBuildFile section */
		8402A29B2B8F039A00A836CD /* SoundscapeApp.swift in Sources */ = {isa = PBXBuildFile; fileRef = 8402A29A2B8F039A00A836CD /* SoundscapeApp.swift */; };
		8402A29D2B8F039A00A836CD /* SoundscapeTabView.swift in Sources */ = {isa = PBXBuildFile; fileRef = 8402A29C2B8F039A00A836CD /* SoundscapeTabView.swift */; };
		8402A29F2B8F039D00A836CD /* Assets.xcassets in Resources */ = {isa = PBXBuildFile; fileRef = 8402A29E2B8F039D00A836CD /* Assets.xcassets */; };
		8402A2A22B8F039D00A836CD /* Preview Assets.xcassets in Resources */ = {isa = PBXBuildFile; fileRef = 8402A2A12B8F039D00A836CD /* Preview Assets.xcassets */; };
		8402A2AF2B8F242200A836CD /* HomeView.swift in Sources */ = {isa = PBXBuildFile; fileRef = 8402A2AE2B8F242200A836CD /* HomeView.swift */; };
		8402A2B12B8F244700A836CD /* StoryView.swift in Sources */ = {isa = PBXBuildFile; fileRef = 8402A2B02B8F244700A836CD /* StoryView.swift */; };
		8402A2B32B8F245000A836CD /* LikeView.swift in Sources */ = {isa = PBXBuildFile; fileRef = 8402A2B22B8F245000A836CD /* LikeView.swift */; };
		8402A2B52B8F246000A836CD /* SettingView.swift in Sources */ = {isa = PBXBuildFile; fileRef = 8402A2B42B8F246000A836CD /* SettingView.swift */; };
		8463B0172B8F3F2500EB81DF /* WixMadeforText-Bold.ttf in Resources */ = {isa = PBXBuildFile; fileRef = 8463B0142B8F3F2500EB81DF /* WixMadeforText-Bold.ttf */; };
		8463B0182B8F3F2500EB81DF /* WixMadeforText-SemiBold.ttf in Resources */ = {isa = PBXBuildFile; fileRef = 8463B0152B8F3F2500EB81DF /* WixMadeforText-SemiBold.ttf */; };
		8463B0192B8F3F2500EB81DF /* WixMadeforText-Regular.ttf in Resources */ = {isa = PBXBuildFile; fileRef = 8463B0162B8F3F2500EB81DF /* WixMadeforText-Regular.ttf */; };
		847F1B1F2B8F43B000EEE645 /* MoodSelectView.swift in Sources */ = {isa = PBXBuildFile; fileRef = 847F1B1E2B8F43B000EEE645 /* MoodSelectView.swift */; };
		847F1B222B8F459500EEE645 /* Mood.swift in Sources */ = {isa = PBXBuildFile; fileRef = 847F1B212B8F459500EEE645 /* Mood.swift */; };
		B28FE1622B906555009FB75D /* SearchBarView.swift in Sources */ = {isa = PBXBuildFile; fileRef = B28FE1612B906555009FB75D /* SearchBarView.swift */; };
		B28FE1642B906719009FB75D /* Playlist.swift in Sources */ = {isa = PBXBuildFile; fileRef = B28FE1632B906719009FB75D /* Playlist.swift */; };
		B28FE1662B906DE5009FB75D /* PlaylistCardView.swift in Sources */ = {isa = PBXBuildFile; fileRef = B28FE1652B906DE5009FB75D /* PlaylistCardView.swift */; };
		B28FE1682B907A5C009FB75D /* StorySoundCardView.swift in Sources */ = {isa = PBXBuildFile; fileRef = B28FE1672B907A5C009FB75D /* StorySoundCardView.swift */; };
		B28FE16A2B907AE6009FB75D /* StorySound.swift in Sources */ = {isa = PBXBuildFile; fileRef = B28FE1692B907AE6009FB75D /* StorySound.swift */; };
/* End PBXBuildFile section */

/* Begin PBXFileReference section */
		8402A2972B8F039A00A836CD /* Soundscape.app */ = {isa = PBXFileReference; explicitFileType = wrapper.application; includeInIndex = 0; path = Soundscape.app; sourceTree = BUILT_PRODUCTS_DIR; };
		8402A29A2B8F039A00A836CD /* SoundscapeApp.swift */ = {isa = PBXFileReference; lastKnownFileType = sourcecode.swift; path = SoundscapeApp.swift; sourceTree = "<group>"; };
		8402A29C2B8F039A00A836CD /* SoundscapeTabView.swift */ = {isa = PBXFileReference; lastKnownFileType = sourcecode.swift; path = SoundscapeTabView.swift; sourceTree = "<group>"; };
		8402A29E2B8F039D00A836CD /* Assets.xcassets */ = {isa = PBXFileReference; lastKnownFileType = folder.assetcatalog; path = Assets.xcassets; sourceTree = "<group>"; };
		8402A2A12B8F039D00A836CD /* Preview Assets.xcassets */ = {isa = PBXFileReference; lastKnownFileType = folder.assetcatalog; path = "Preview Assets.xcassets"; sourceTree = "<group>"; };
		8402A2AE2B8F242200A836CD /* HomeView.swift */ = {isa = PBXFileReference; lastKnownFileType = sourcecode.swift; path = HomeView.swift; sourceTree = "<group>"; };
		8402A2B02B8F244700A836CD /* StoryView.swift */ = {isa = PBXFileReference; lastKnownFileType = sourcecode.swift; path = StoryView.swift; sourceTree = "<group>"; };
		8402A2B22B8F245000A836CD /* LikeView.swift */ = {isa = PBXFileReference; lastKnownFileType = sourcecode.swift; path = LikeView.swift; sourceTree = "<group>"; };
		8402A2B42B8F246000A836CD /* SettingView.swift */ = {isa = PBXFileReference; lastKnownFileType = sourcecode.swift; path = SettingView.swift; sourceTree = "<group>"; };
		8463B0142B8F3F2500EB81DF /* WixMadeforText-Bold.ttf */ = {isa = PBXFileReference; lastKnownFileType = file; path = "WixMadeforText-Bold.ttf"; sourceTree = "<group>"; };
		8463B0152B8F3F2500EB81DF /* WixMadeforText-SemiBold.ttf */ = {isa = PBXFileReference; lastKnownFileType = file; path = "WixMadeforText-SemiBold.ttf"; sourceTree = "<group>"; };
		8463B0162B8F3F2500EB81DF /* WixMadeforText-Regular.ttf */ = {isa = PBXFileReference; lastKnownFileType = file; path = "WixMadeforText-Regular.ttf"; sourceTree = "<group>"; };
		8463B01A2B8F3F3B00EB81DF /* Info.plist */ = {isa = PBXFileReference; lastKnownFileType = text.plist; path = Info.plist; sourceTree = "<group>"; };
		847F1B1E2B8F43B000EEE645 /* MoodSelectView.swift */ = {isa = PBXFileReference; lastKnownFileType = sourcecode.swift; path = MoodSelectView.swift; sourceTree = "<group>"; };
		847F1B212B8F459500EEE645 /* Mood.swift */ = {isa = PBXFileReference; lastKnownFileType = sourcecode.swift; path = Mood.swift; sourceTree = "<group>"; };
		B28FE1612B906555009FB75D /* SearchBarView.swift */ = {isa = PBXFileReference; lastKnownFileType = sourcecode.swift; path = SearchBarView.swift; sourceTree = "<group>"; };
		B28FE1632B906719009FB75D /* Playlist.swift */ = {isa = PBXFileReference; lastKnownFileType = sourcecode.swift; path = Playlist.swift; sourceTree = "<group>"; };
		B28FE1652B906DE5009FB75D /* PlaylistCardView.swift */ = {isa = PBXFileReference; lastKnownFileType = sourcecode.swift; path = PlaylistCardView.swift; sourceTree = "<group>"; };
		B28FE1672B907A5C009FB75D /* StorySoundCardView.swift */ = {isa = PBXFileReference; lastKnownFileType = sourcecode.swift; path = StorySoundCardView.swift; sourceTree = "<group>"; };
		B28FE1692B907AE6009FB75D /* StorySound.swift */ = {isa = PBXFileReference; lastKnownFileType = sourcecode.swift; path = StorySound.swift; sourceTree = "<group>"; };
/* End PBXFileReference section */

/* Begin PBXFrameworksBuildPhase section */
		8402A2942B8F039A00A836CD /* Frameworks */ = {
			isa = PBXFrameworksBuildPhase;
			buildActionMask = 2147483647;
			files = (
			);
			runOnlyForDeploymentPostprocessing = 0;
		};
/* End PBXFrameworksBuildPhase section */

/* Begin PBXGroup section */
		8402A28E2B8F039A00A836CD = {
			isa = PBXGroup;
			children = (
				8402A2992B8F039A00A836CD /* Soundscape */,
				8402A2982B8F039A00A836CD /* Products */,
			);
			sourceTree = "<group>";
		};
		8402A2982B8F039A00A836CD /* Products */ = {
			isa = PBXGroup;
			children = (
				8402A2972B8F039A00A836CD /* Soundscape.app */,
			);
			name = Products;
			sourceTree = "<group>";
		};
		8402A2992B8F039A00A836CD /* Soundscape */ = {
			isa = PBXGroup;
			children = (
				8402A2A82B8F238700A836CD /* presentation */,
				8402A29E2B8F039D00A836CD /* Assets.xcassets */,
				8463B01A2B8F3F3B00EB81DF /* Info.plist */,
				8402A2A02B8F039D00A836CD /* Preview Content */,
			);
			path = Soundscape;
			sourceTree = "<group>";
		};
		8402A2A02B8F039D00A836CD /* Preview Content */ = {
			isa = PBXGroup;
			children = (
				8402A2A12B8F039D00A836CD /* Preview Assets.xcassets */,
			);
			path = "Preview Content";
			sourceTree = "<group>";
		};
		8402A2A82B8F238700A836CD /* presentation */ = {
			isa = PBXGroup;
			children = (
				8402A2A92B8F239100A836CD /* ui */,
				8402A29A2B8F039A00A836CD /* SoundscapeApp.swift */,
			);
			path = presentation;
			sourceTree = "<group>";
		};
		8402A2A92B8F239100A836CD /* ui */ = {
			isa = PBXGroup;
			children = (
				8463B0132B8F3EEF00EB81DF /* font */,
				8463B0062B8F2A3800EB81DF /* screens */,
				8463B0052B8F2A2F00EB81DF /* views */,
				8402A29C2B8F039A00A836CD /* SoundscapeTabView.swift */,
			);
			path = ui;
			sourceTree = "<group>";
		};
		8402A2AA2B8F23B500A836CD /* home */ = {
			isa = PBXGroup;
			children = (
				847F1B202B8F457A00EEE645 /* model */,
				847F1B1D2B8F439900EEE645 /* views */,
				8402A2AE2B8F242200A836CD /* HomeView.swift */,
			);
			path = home;
			sourceTree = "<group>";
		};
		8402A2AB2B8F23D100A836CD /* story */ = {
			isa = PBXGroup;
			children = (
				8402A2B02B8F244700A836CD /* StoryView.swift */,
			);
			path = story;
			sourceTree = "<group>";
		};
		8402A2AC2B8F23DC00A836CD /* like */ = {
			isa = PBXGroup;
			children = (
				8402A2B22B8F245000A836CD /* LikeView.swift */,
			);
			path = like;
			sourceTree = "<group>";
		};
		8402A2AD2B8F23F300A836CD /* setting */ = {
			isa = PBXGroup;
			children = (
				8402A2B42B8F246000A836CD /* SettingView.swift */,
			);
			path = setting;
			sourceTree = "<group>";
		};
		8463B0052B8F2A2F00EB81DF /* views */ = {
			isa = PBXGroup;
			children = (
			);
			path = views;
			sourceTree = "<group>";
		};
		8463B0062B8F2A3800EB81DF /* screens */ = {
			isa = PBXGroup;
			children = (
				8402A2AD2B8F23F300A836CD /* setting */,
				8402A2AC2B8F23DC00A836CD /* like */,
				8402A2AB2B8F23D100A836CD /* story */,
				8402A2AA2B8F23B500A836CD /* home */,
			);
			path = screens;
			sourceTree = "<group>";
		};
		8463B0132B8F3EEF00EB81DF /* font */ = {
			isa = PBXGroup;
			children = (
				8463B0142B8F3F2500EB81DF /* WixMadeforText-Bold.ttf */,
				8463B0162B8F3F2500EB81DF /* WixMadeforText-Regular.ttf */,
				8463B0152B8F3F2500EB81DF /* WixMadeforText-SemiBold.ttf */,
			);
			path = font;
			sourceTree = "<group>";
		};
		847F1B1D2B8F439900EEE645 /* views */ = {
			isa = PBXGroup;
			children = (
				847F1B1E2B8F43B000EEE645 /* MoodSelectView.swift */,
				B28FE1612B906555009FB75D /* SearchBarView.swift */,
				B28FE1652B906DE5009FB75D /* PlaylistCardView.swift */,
				B28FE1672B907A5C009FB75D /* StorySoundCardView.swift */,
			);
			path = views;
			sourceTree = "<group>";
		};
		847F1B202B8F457A00EEE645 /* model */ = {
			isa = PBXGroup;
			children = (
				847F1B212B8F459500EEE645 /* Mood.swift */,
				B28FE1632B906719009FB75D /* Playlist.swift */,
				B28FE1692B907AE6009FB75D /* StorySound.swift */,
			);
			path = model;
			sourceTree = "<group>";
		};
/* End PBXGroup section */

/* Begin PBXNativeTarget section */
		8402A2962B8F039A00A836CD /* Soundscape */ = {
			isa = PBXNativeTarget;
			buildConfigurationList = 8402A2A52B8F039D00A836CD /* Build configuration list for PBXNativeTarget "Soundscape" */;
			buildPhases = (
				8402A2932B8F039A00A836CD /* Sources */,
				8402A2942B8F039A00A836CD /* Frameworks */,
				8402A2952B8F039A00A836CD /* Resources */,
			);
			buildRules = (
			);
			dependencies = (
			);
			name = Soundscape;
			productName = Soundscape;
			productReference = 8402A2972B8F039A00A836CD /* Soundscape.app */;
			productType = "com.apple.product-type.application";
		};
/* End PBXNativeTarget section */

/* Begin PBXProject section */
		8402A28F2B8F039A00A836CD /* Project object */ = {
			isa = PBXProject;
			attributes = {
				BuildIndependentTargetsInParallel = 1;
				LastSwiftUpdateCheck = 1520;
				LastUpgradeCheck = 1520;
				TargetAttributes = {
					8402A2962B8F039A00A836CD = {
						CreatedOnToolsVersion = 15.2;
					};
				};
			};
			buildConfigurationList = 8402A2922B8F039A00A836CD /* Build configuration list for PBXProject "Soundscape" */;
			compatibilityVersion = "Xcode 14.0";
			developmentRegion = en;
			hasScannedForEncodings = 0;
			knownRegions = (
				en,
				Base,
			);
			mainGroup = 8402A28E2B8F039A00A836CD;
			productRefGroup = 8402A2982B8F039A00A836CD /* Products */;
			projectDirPath = "";
			projectRoot = "";
			targets = (
				8402A2962B8F039A00A836CD /* Soundscape */,
			);
		};
/* End PBXProject section */

/* Begin PBXResourcesBuildPhase section */
		8402A2952B8F039A00A836CD /* Resources */ = {
			isa = PBXResourcesBuildPhase;
			buildActionMask = 2147483647;
			files = (
				8463B0172B8F3F2500EB81DF /* WixMadeforText-Bold.ttf in Resources */,
				8402A2A22B8F039D00A836CD /* Preview Assets.xcassets in Resources */,
				8463B0192B8F3F2500EB81DF /* WixMadeforText-Regular.ttf in Resources */,
				8463B0182B8F3F2500EB81DF /* WixMadeforText-SemiBold.ttf in Resources */,
				8402A29F2B8F039D00A836CD /* Assets.xcassets in Resources */,
			);
			runOnlyForDeploymentPostprocessing = 0;
		};
/* End PBXResourcesBuildPhase section */

/* Begin PBXSourcesBuildPhase section */
		8402A2932B8F039A00A836CD /* Sources */ = {
			isa = PBXSourcesBuildPhase;
			buildActionMask = 2147483647;
			files = (
				8402A2AF2B8F242200A836CD /* HomeView.swift in Sources */,
				B28FE1622B906555009FB75D /* SearchBarView.swift in Sources */,
				B28FE1682B907A5C009FB75D /* StorySoundCardView.swift in Sources */,
				B28FE1662B906DE5009FB75D /* PlaylistCardView.swift in Sources */,
				8402A29D2B8F039A00A836CD /* SoundscapeTabView.swift in Sources */,
				847F1B1F2B8F43B000EEE645 /* MoodSelectView.swift in Sources */,
				8402A2B32B8F245000A836CD /* LikeView.swift in Sources */,
				B28FE16A2B907AE6009FB75D /* StorySound.swift in Sources */,
				847F1B222B8F459500EEE645 /* Mood.swift in Sources */,
				8402A2B52B8F246000A836CD /* SettingView.swift in Sources */,
				8402A2B12B8F244700A836CD /* StoryView.swift in Sources */,
				8402A29B2B8F039A00A836CD /* SoundscapeApp.swift in Sources */,
				B28FE1642B906719009FB75D /* Playlist.swift in Sources */,
			);
			runOnlyForDeploymentPostprocessing = 0;
		};
/* End PBXSourcesBuildPhase section */

/* Begin XCBuildConfiguration section */
		8402A2A32B8F039D00A836CD /* Debug */ = {
			isa = XCBuildConfiguration;
			buildSettings = {
				ALWAYS_SEARCH_USER_PATHS = NO;
				ASSETCATALOG_COMPILER_GENERATE_SWIFT_ASSET_SYMBOL_EXTENSIONS = YES;
				CLANG_ANALYZER_NONNULL = YES;
				CLANG_ANALYZER_NUMBER_OBJECT_CONVERSION = YES_AGGRESSIVE;
				CLANG_CXX_LANGUAGE_STANDARD = "gnu++20";
				CLANG_ENABLE_MODULES = YES;
				CLANG_ENABLE_OBJC_ARC = YES;
				CLANG_ENABLE_OBJC_WEAK = YES;
				CLANG_WARN_BLOCK_CAPTURE_AUTORELEASING = YES;
				CLANG_WARN_BOOL_CONVERSION = YES;
				CLANG_WARN_COMMA = YES;
				CLANG_WARN_CONSTANT_CONVERSION = YES;
				CLANG_WARN_DEPRECATED_OBJC_IMPLEMENTATIONS = YES;
				CLANG_WARN_DIRECT_OBJC_ISA_USAGE = YES_ERROR;
				CLANG_WARN_DOCUMENTATION_COMMENTS = YES;
				CLANG_WARN_EMPTY_BODY = YES;
				CLANG_WARN_ENUM_CONVERSION = YES;
				CLANG_WARN_INFINITE_RECURSION = YES;
				CLANG_WARN_INT_CONVERSION = YES;
				CLANG_WARN_NON_LITERAL_NULL_CONVERSION = YES;
				CLANG_WARN_OBJC_IMPLICIT_RETAIN_SELF = YES;
				CLANG_WARN_OBJC_LITERAL_CONVERSION = YES;
				CLANG_WARN_OBJC_ROOT_CLASS = YES_ERROR;
				CLANG_WARN_QUOTED_INCLUDE_IN_FRAMEWORK_HEADER = YES;
				CLANG_WARN_RANGE_LOOP_ANALYSIS = YES;
				CLANG_WARN_STRICT_PROTOTYPES = YES;
				CLANG_WARN_SUSPICIOUS_MOVE = YES;
				CLANG_WARN_UNGUARDED_AVAILABILITY = YES_AGGRESSIVE;
				CLANG_WARN_UNREACHABLE_CODE = YES;
				CLANG_WARN__DUPLICATE_METHOD_MATCH = YES;
				COPY_PHASE_STRIP = NO;
				DEBUG_INFORMATION_FORMAT = dwarf;
				ENABLE_STRICT_OBJC_MSGSEND = YES;
				ENABLE_TESTABILITY = YES;
				ENABLE_USER_SCRIPT_SANDBOXING = YES;
				GCC_C_LANGUAGE_STANDARD = gnu17;
				GCC_DYNAMIC_NO_PIC = NO;
				GCC_NO_COMMON_BLOCKS = YES;
				GCC_OPTIMIZATION_LEVEL = 0;
				GCC_PREPROCESSOR_DEFINITIONS = (
					"DEBUG=1",
					"$(inherited)",
				);
				GCC_WARN_64_TO_32_BIT_CONVERSION = YES;
				GCC_WARN_ABOUT_RETURN_TYPE = YES_ERROR;
				GCC_WARN_UNDECLARED_SELECTOR = YES;
				GCC_WARN_UNINITIALIZED_AUTOS = YES_AGGRESSIVE;
				GCC_WARN_UNUSED_FUNCTION = YES;
				GCC_WARN_UNUSED_VARIABLE = YES;
				IPHONEOS_DEPLOYMENT_TARGET = 17.2;
				LOCALIZATION_PREFERS_STRING_CATALOGS = YES;
				MTL_ENABLE_DEBUG_INFO = INCLUDE_SOURCE;
				MTL_FAST_MATH = YES;
				ONLY_ACTIVE_ARCH = YES;
				SDKROOT = iphoneos;
				SWIFT_ACTIVE_COMPILATION_CONDITIONS = "DEBUG $(inherited)";
				SWIFT_OPTIMIZATION_LEVEL = "-Onone";
			};
			name = Debug;
		};
		8402A2A42B8F039D00A836CD /* Release */ = {
			isa = XCBuildConfiguration;
			buildSettings = {
				ALWAYS_SEARCH_USER_PATHS = NO;
				ASSETCATALOG_COMPILER_GENERATE_SWIFT_ASSET_SYMBOL_EXTENSIONS = YES;
				CLANG_ANALYZER_NONNULL = YES;
				CLANG_ANALYZER_NUMBER_OBJECT_CONVERSION = YES_AGGRESSIVE;
				CLANG_CXX_LANGUAGE_STANDARD = "gnu++20";
				CLANG_ENABLE_MODULES = YES;
				CLANG_ENABLE_OBJC_ARC = YES;
				CLANG_ENABLE_OBJC_WEAK = YES;
				CLANG_WARN_BLOCK_CAPTURE_AUTORELEASING = YES;
				CLANG_WARN_BOOL_CONVERSION = YES;
				CLANG_WARN_COMMA = YES;
				CLANG_WARN_CONSTANT_CONVERSION = YES;
				CLANG_WARN_DEPRECATED_OBJC_IMPLEMENTATIONS = YES;
				CLANG_WARN_DIRECT_OBJC_ISA_USAGE = YES_ERROR;
				CLANG_WARN_DOCUMENTATION_COMMENTS = YES;
				CLANG_WARN_EMPTY_BODY = YES;
				CLANG_WARN_ENUM_CONVERSION = YES;
				CLANG_WARN_INFINITE_RECURSION = YES;
				CLANG_WARN_INT_CONVERSION = YES;
				CLANG_WARN_NON_LITERAL_NULL_CONVERSION = YES;
				CLANG_WARN_OBJC_IMPLICIT_RETAIN_SELF = YES;
				CLANG_WARN_OBJC_LITERAL_CONVERSION = YES;
				CLANG_WARN_OBJC_ROOT_CLASS = YES_ERROR;
				CLANG_WARN_QUOTED_INCLUDE_IN_FRAMEWORK_HEADER = YES;
				CLANG_WARN_RANGE_LOOP_ANALYSIS = YES;
				CLANG_WARN_STRICT_PROTOTYPES = YES;
				CLANG_WARN_SUSPICIOUS_MOVE = YES;
				CLANG_WARN_UNGUARDED_AVAILABILITY = YES_AGGRESSIVE;
				CLANG_WARN_UNREACHABLE_CODE = YES;
				CLANG_WARN__DUPLICATE_METHOD_MATCH = YES;
				COPY_PHASE_STRIP = NO;
				DEBUG_INFORMATION_FORMAT = "dwarf-with-dsym";
				ENABLE_NS_ASSERTIONS = NO;
				ENABLE_STRICT_OBJC_MSGSEND = YES;
				ENABLE_USER_SCRIPT_SANDBOXING = YES;
				GCC_C_LANGUAGE_STANDARD = gnu17;
				GCC_NO_COMMON_BLOCKS = YES;
				GCC_WARN_64_TO_32_BIT_CONVERSION = YES;
				GCC_WARN_ABOUT_RETURN_TYPE = YES_ERROR;
				GCC_WARN_UNDECLARED_SELECTOR = YES;
				GCC_WARN_UNINITIALIZED_AUTOS = YES_AGGRESSIVE;
				GCC_WARN_UNUSED_FUNCTION = YES;
				GCC_WARN_UNUSED_VARIABLE = YES;
				IPHONEOS_DEPLOYMENT_TARGET = 17.2;
				LOCALIZATION_PREFERS_STRING_CATALOGS = YES;
				MTL_ENABLE_DEBUG_INFO = NO;
				MTL_FAST_MATH = YES;
				SDKROOT = iphoneos;
				SWIFT_COMPILATION_MODE = wholemodule;
				VALIDATE_PRODUCT = YES;
			};
			name = Release;
		};
		8402A2A62B8F039D00A836CD /* Debug */ = {
			isa = XCBuildConfiguration;
			buildSettings = {
				ASSETCATALOG_COMPILER_APPICON_NAME = AppIcon;
				ASSETCATALOG_COMPILER_GLOBAL_ACCENT_COLOR_NAME = AccentColor;
				CODE_SIGN_STYLE = Automatic;
				CURRENT_PROJECT_VERSION = 1;
				DEVELOPMENT_ASSET_PATHS = "\"Soundscape/Preview Content\"";
				DEVELOPMENT_TEAM = JR75GG23WH;
				ENABLE_PREVIEWS = YES;
				GENERATE_INFOPLIST_FILE = YES;
				INFOPLIST_FILE = Soundscape/Info.plist;
				INFOPLIST_KEY_UIApplicationSceneManifest_Generation = YES;
				INFOPLIST_KEY_UIApplicationSupportsIndirectInputEvents = YES;
				INFOPLIST_KEY_UILaunchScreen_Generation = YES;
				INFOPLIST_KEY_UISupportedInterfaceOrientations = UIInterfaceOrientationPortrait;
				INFOPLIST_KEY_UISupportedInterfaceOrientations_iPad = "UIInterfaceOrientationLandscapeLeft UIInterfaceOrientationLandscapeRight UIInterfaceOrientationPortrait UIInterfaceOrientationPortraitUpsideDown";
				INFOPLIST_KEY_UIUserInterfaceStyle = Dark;
				IPHONEOS_DEPLOYMENT_TARGET = 15.0;
				LD_RUNPATH_SEARCH_PATHS = (
					"$(inherited)",
					"@executable_path/Frameworks",
				);
				MARKETING_VERSION = 1.0;
				PRODUCT_BUNDLE_IDENTIFIER = com.appstesting.Soundscape;
				PRODUCT_NAME = "$(TARGET_NAME)";
				SUPPORTED_PLATFORMS = "iphoneos iphonesimulator";
				SUPPORTS_MACCATALYST = NO;
				SUPPORTS_MAC_DESIGNED_FOR_IPHONE_IPAD = NO;
				SUPPORTS_XR_DESIGNED_FOR_IPHONE_IPAD = NO;
				SWIFT_EMIT_LOC_STRINGS = YES;
				SWIFT_VERSION = 5.0;
				TARGETED_DEVICE_FAMILY = 1;
			};
			name = Debug;
		};
		8402A2A72B8F039D00A836CD /* Release */ = {
			isa = XCBuildConfiguration;
			buildSettings = {
				ASSETCATALOG_COMPILER_APPICON_NAME = AppIcon;
				ASSETCATALOG_COMPILER_GLOBAL_ACCENT_COLOR_NAME = AccentColor;
				CODE_SIGN_STYLE = Automatic;
				CURRENT_PROJECT_VERSION = 1;
				DEVELOPMENT_ASSET_PATHS = "\"Soundscape/Preview Content\"";
				DEVELOPMENT_TEAM = JR75GG23WH;
				ENABLE_PREVIEWS = YES;
				GENERATE_INFOPLIST_FILE = YES;
				INFOPLIST_FILE = Soundscape/Info.plist;
				INFOPLIST_KEY_UIApplicationSceneManifest_Generation = YES;
				INFOPLIST_KEY_UIApplicationSupportsIndirectInputEvents = YES;
				INFOPLIST_KEY_UILaunchScreen_Generation = YES;
				INFOPLIST_KEY_UISupportedInterfaceOrientations = UIInterfaceOrientationPortrait;
				INFOPLIST_KEY_UISupportedInterfaceOrientations_iPad = "UIInterfaceOrientationLandscapeLeft UIInterfaceOrientationLandscapeRight UIInterfaceOrientationPortrait UIInterfaceOrientationPortraitUpsideDown";
				INFOPLIST_KEY_UIUserInterfaceStyle = Dark;
				IPHONEOS_DEPLOYMENT_TARGET = 15.0;
				LD_RUNPATH_SEARCH_PATHS = (
					"$(inherited)",
					"@executable_path/Frameworks",
				);
				MARKETING_VERSION = 1.0;
				PRODUCT_BUNDLE_IDENTIFIER = com.appstesting.Soundscape;
				PRODUCT_NAME = "$(TARGET_NAME)";
				SUPPORTED_PLATFORMS = "iphoneos iphonesimulator";
				SUPPORTS_MACCATALYST = NO;
				SUPPORTS_MAC_DESIGNED_FOR_IPHONE_IPAD = NO;
				SUPPORTS_XR_DESIGNED_FOR_IPHONE_IPAD = NO;
				SWIFT_EMIT_LOC_STRINGS = YES;
				SWIFT_VERSION = 5.0;
				TARGETED_DEVICE_FAMILY = 1;
			};
			name = Release;
		};
/* End XCBuildConfiguration section */

/* Begin XCConfigurationList section */
		8402A2922B8F039A00A836CD /* Build configuration list for PBXProject "Soundscape" */ = {
			isa = XCConfigurationList;
			buildConfigurations = (
				8402A2A32B8F039D00A836CD /* Debug */,
				8402A2A42B8F039D00A836CD /* Release */,
			);
			defaultConfigurationIsVisible = 0;
			defaultConfigurationName = Release;
		};
		8402A2A52B8F039D00A836CD /* Build configuration list for PBXNativeTarget "Soundscape" */ = {
			isa = XCConfigurationList;
			buildConfigurations = (
				8402A2A62B8F039D00A836CD /* Debug */,
				8402A2A72B8F039D00A836CD /* Release */,
			);
			defaultConfigurationIsVisible = 0;
			defaultConfigurationName = Release;
		};
/* End XCConfigurationList section */
	};
	rootObject = 8402A28F2B8F039A00A836CD /* Project object */;
}
